# THIS IS AN AUTOGENERATED FILE. DO NOT EDIT THIS FILE DIRECTLY.
# yarn lockfile v1


axios@^0.21.1:
  version "0.21.1"
  resolved "https://registry.npmjs.org/axios/-/axios-0.21.1.tgz#22563481962f4d6bde9a76d516ef0e5d3c09b2b8"
  integrity sha512-dKQiRHxGD9PPRIUNIWvZhPTPpl1rf/OxTYKsqKUDjBwYylTvV7SjSHJb9ratfyzM6wCdLCOYLzs73qpg5c4iGA==
  dependencies:
    follow-redirects "^1.10.0"

follow-redirects@^1.10.0:
  version "1.13.2"
  resolved "https://registry.npmjs.org/follow-redirects/-/follow-redirects-1.13.2.tgz#dd73c8effc12728ba5cf4259d760ea5fb83e3147"
  integrity sha512-6mPTgLxYm3r6Bkkg0vNM0HTjfGrOEtsfbhagQvbxDEsEkpNhw582upBaoRZylzen6krEmxXJgt9Ju6HiI4O7BA==
